
Microsoft Visual Studio Solution File, Format Version 12.00
# Visual Studio 15
VisualStudioVersion = 15.0.26228.9
MinimumVisualStudioVersion = 10.0.40219.1
Project("{FAE04EC0-301F-11D3-BF4B-00C04F79EFBC}") = "Codziennik", "src\Codziennik\Codziennik.csproj", "{D1DA1E09-48FB-4A94-A1BF-0B6FE415C155}"
EndProject
Project("{FAE04EC0-301F-11D3-BF4B-00C04F79EFBC}") = "Codziennik.Droid", "src\Codziennik.Droid\Codziennik.Droid.csproj", "{E563AEB3-4E72-4BC5-91D8-F611294ACB32}"
EndProject
Project("{FAE04EC0-301F-11D3-BF4B-00C04F79EFBC}") = "Codziennik.iOS", "src\Codziennik.iOS\Codziennik.iOS.csproj", "{DA7BCDF2-DFF1-4D59-88FF-84A6933BF4B7}"
EndProject
Project("{FAE04EC0-301F-11D3-BF4B-00C04F79EFBC}") = "Codziennik.UWP", "src\Codziennik.UWP\Codziennik.UWP.csproj", "{AAB95B65-1177-4151-BD66-EDA95EF9A496}"
EndProject
Project("{FAE04EC0-301F-11D3-BF4B-00C04F79EFBC}") = "Codziennik.Tests", "tests\Codziennik.Tests\Codziennik.Tests.csproj", "{2E996586-69ED-4D9F-BD12-C424FED9BDB8}"
EndProject
Global
	GlobalSection(SolutionConfigurationPlatforms) = preSolution
		Ad-Hoc|Any CPU = Ad-Hoc|Any CPU
		Ad-Hoc|ARM = Ad-Hoc|ARM
		Ad-Hoc|iPhone = Ad-Hoc|iPhone
		Ad-Hoc|iPhoneSimulator = Ad-Hoc|iPhoneSimulator
		Ad-Hoc|x64 = Ad-Hoc|x64
		Ad-Hoc|x86 = Ad-Hoc|x86
		AppStore|Any CPU = AppStore|Any CPU
		AppStore|ARM = AppStore|ARM
		AppStore|iPhone = AppStore|iPhone
		AppStore|iPhoneSimulator = AppStore|iPhoneSimulator
		AppStore|x64 = AppStore|x64
		AppStore|x86 = AppStore|x86
		Debug|Any CPU = Debug|Any CPU
		Debug|ARM = Debug|ARM
		Debug|iPhone = Debug|iPhone
		Debug|iPhoneSimulator = Debug|iPhoneSimulator
		Debug|x64 = Debug|x64
		Debug|x86 = Debug|x86
		Release|Any CPU = Release|Any CPU
		Release|ARM = Release|ARM
		Release|iPhone = Release|iPhone
		Release|iPhoneSimulator = Release|iPhoneSimulator
		Release|x64 = Release|x64
		Release|x86 = Release|x86
	EndGlobalSection
	GlobalSection(ProjectConfigurationPlatforms) = postSolution
		{D1DA1E09-48FB-4A94-A1BF-0B6FE415C155}.Ad-Hoc|Any CPU.ActiveCfg = Release|Any CPU
		{D1DA1E09-48FB-4A94-A1BF-0B6FE415C155}.Ad-Hoc|Any CPU.Build.0 = Release|Any CPU
		{D1DA1E09-48FB-4A94-A1BF-0B6FE415C155}.Ad-Hoc|ARM.ActiveCfg = Release|Any CPU
		{D1DA1E09-48FB-4A94-A1BF-0B6FE415C155}.Ad-Hoc|ARM.Build.0 = Release|Any CPU
		{D1DA1E09-48FB-4A94-A1BF-0B6FE415C155}.Ad-Hoc|iPhone.ActiveCfg = Release|Any CPU
		{D1DA1E09-48FB-4A94-A1BF-0B6FE415C155}.Ad-Hoc|iPhone.Build.0 = Release|Any CPU
		{D1DA1E09-48FB-4A94-A1BF-0B6FE415C155}.Ad-Hoc|iPhoneSimulator.ActiveCfg = Release|Any CPU
		{D1DA1E09-48FB-4A94-A1BF-0B6FE415C155}.Ad-Hoc|iPhoneSimulator.Build.0 = Release|Any CPU
		{D1DA1E09-48FB-4A94-A1BF-0B6FE415C155}.Ad-Hoc|x64.ActiveCfg = Release|Any CPU
		{D1DA1E09-48FB-4A94-A1BF-0B6FE415C155}.Ad-Hoc|x64.Build.0 = Release|Any CPU
		{D1DA1E09-48FB-4A94-A1BF-0B6FE415C155}.Ad-Hoc|x86.ActiveCfg = Release|Any CPU
		{D1DA1E09-48FB-4A94-A1BF-0B6FE415C155}.Ad-Hoc|x86.Build.0 = Release|Any CPU
		{D1DA1E09-48FB-4A94-A1BF-0B6FE415C155}.AppStore|Any CPU.ActiveCfg = Release|Any CPU
		{D1DA1E09-48FB-4A94-A1BF-0B6FE415C155}.AppStore|Any CPU.Build.0 = Release|Any CPU
		{D1DA1E09-48FB-4A94-A1BF-0B6FE415C155}.AppStore|ARM.ActiveCfg = Release|Any CPU
		{D1DA1E09-48FB-4A94-A1BF-0B6FE415C155}.AppStore|ARM.Build.0 = Release|Any CPU
		{D1DA1E09-48FB-4A94-A1BF-0B6FE415C155}.AppStore|iPhone.ActiveCfg = Release|Any CPU
		{D1DA1E09-48FB-4A94-A1BF-0B6FE415C155}.AppStore|iPhone.Build.0 = Release|Any CPU
		{D1DA1E09-48FB-4A94-A1BF-0B6FE415C155}.AppStore|iPhoneSimulator.ActiveCfg = Release|Any CPU
		{D1DA1E09-48FB-4A94-A1BF-0B6FE415C155}.AppStore|iPhoneSimulator.Build.0 = Release|Any CPU
		{D1DA1E09-48FB-4A94-A1BF-0B6FE415C155}.AppStore|x64.ActiveCfg = Release|Any CPU
		{D1DA1E09-48FB-4A94-A1BF-0B6FE415C155}.AppStore|x64.Build.0 = Release|Any CPU
		{D1DA1E09-48FB-4A94-A1BF-0B6FE415C155}.AppStore|x86.ActiveCfg = Release|Any CPU
		{D1DA1E09-48FB-4A94-A1BF-0B6FE415C155}.AppStore|x86.Build.0 = Release|Any CPU
		{D1DA1E09-48FB-4A94-A1BF-0B6FE415C155}.Debug|Any CPU.ActiveCfg = Debug|Any CPU
		{D1DA1E09-48FB-4A94-A1BF-0B6FE415C155}.Debug|Any CPU.Build.0 = Debug|Any CPU
		{D1DA1E09-48FB-4A94-A1BF-0B6FE415C155}.Debug|ARM.ActiveCfg = Debug|Any CPU
		{D1DA1E09-48FB-4A94-A1BF-0B6FE415C155}.Debug|ARM.Build.0 = Debug|Any CPU
		{D1DA1E09-48FB-4A94-A1BF-0B6FE415C155}.Debug|iPhone.ActiveCfg = Debug|Any CPU
		{D1DA1E09-48FB-4A94-A1BF-0B6FE415C155}.Debug|iPhone.Build.0 = Debug|Any CPU
		{D1DA1E09-48FB-4A94-A1BF-0B6FE415C155}.Debug|iPhoneSimulator.ActiveCfg = Debug|Any CPU
		{D1DA1E09-48FB-4A94-A1BF-0B6FE415C155}.Debug|iPhoneSimulator.Build.0 = Debug|Any CPU
		{D1DA1E09-48FB-4A94-A1BF-0B6FE415C155}.Debug|x64.ActiveCfg = Debug|Any CPU
		{D1DA1E09-48FB-4A94-A1BF-0B6FE415C155}.Debug|x64.Build.0 = Debug|Any CPU
		{D1DA1E09-48FB-4A94-A1BF-0B6FE415C155}.Debug|x86.ActiveCfg = Debug|Any CPU
		{D1DA1E09-48FB-4A94-A1BF-0B6FE415C155}.Debug|x86.Build.0 = Debug|Any CPU
		{D1DA1E09-48FB-4A94-A1BF-0B6FE415C155}.Release|Any CPU.ActiveCfg = Release|Any CPU
		{D1DA1E09-48FB-4A94-A1BF-0B6FE415C155}.Release|Any CPU.Build.0 = Release|Any CPU
		{D1DA1E09-48FB-4A94-A1BF-0B6FE415C155}.Release|ARM.ActiveCfg = Release|Any CPU
		{D1DA1E09-48FB-4A94-A1BF-0B6FE415C155}.Release|ARM.Build.0 = Release|Any CPU
		{D1DA1E09-48FB-4A94-A1BF-0B6FE415C155}.Release|iPhone.ActiveCfg = Release|Any CPU
		{D1DA1E09-48FB-4A94-A1BF-0B6FE415C155}.Release|iPhone.Build.0 = Release|Any CPU
		{D1DA1E09-48FB-4A94-A1BF-0B6FE415C155}.Release|iPhoneSimulator.ActiveCfg = Release|Any CPU
		{D1DA1E09-48FB-4A94-A1BF-0B6FE415C155}.Release|iPhoneSimulator.Build.0 = Release|Any CPU
		{D1DA1E09-48FB-4A94-A1BF-0B6FE415C155}.Release|x64.ActiveCfg = Release|Any CPU
		{D1DA1E09-48FB-4A94-A1BF-0B6FE415C155}.Release|x64.Build.0 = Release|Any CPU
		{D1DA1E09-48FB-4A94-A1BF-0B6FE415C155}.Release|x86.ActiveCfg = Release|Any CPU
		{D1DA1E09-48FB-4A94-A1BF-0B6FE415C155}.Release|x86.Build.0 = Release|Any CPU
		{E563AEB3-4E72-4BC5-91D8-F611294ACB32}.Ad-Hoc|Any CPU.ActiveCfg = Release|Any CPU
		{E563AEB3-4E72-4BC5-91D8-F611294ACB32}.Ad-Hoc|Any CPU.Build.0 = Release|Any CPU
		{E563AEB3-4E72-4BC5-91D8-F611294ACB32}.Ad-Hoc|Any CPU.Deploy.0 = Release|Any CPU
		{E563AEB3-4E72-4BC5-91D8-F611294ACB32}.Ad-Hoc|ARM.ActiveCfg = Release|Any CPU
		{E563AEB3-4E72-4BC5-91D8-F611294ACB32}.Ad-Hoc|ARM.Build.0 = Release|Any CPU
		{E563AEB3-4E72-4BC5-91D8-F611294ACB32}.Ad-Hoc|ARM.Deploy.0 = Release|Any CPU
		{E563AEB3-4E72-4BC5-91D8-F611294ACB32}.Ad-Hoc|iPhone.ActiveCfg = Release|Any CPU
		{E563AEB3-4E72-4BC5-91D8-F611294ACB32}.Ad-Hoc|iPhone.Build.0 = Release|Any CPU
		{E563AEB3-4E72-4BC5-91D8-F611294ACB32}.Ad-Hoc|iPhone.Deploy.0 = Release|Any CPU
		{E563AEB3-4E72-4BC5-91D8-F611294ACB32}.Ad-Hoc|iPhoneSimulator.ActiveCfg = Release|Any CPU
		{E563AEB3-4E72-4BC5-91D8-F611294ACB32}.Ad-Hoc|iPhoneSimulator.Build.0 = Release|Any CPU
		{E563AEB3-4E72-4BC5-91D8-F611294ACB32}.Ad-Hoc|iPhoneSimulator.Deploy.0 = Release|Any CPU
		{E563AEB3-4E72-4BC5-91D8-F611294ACB32}.Ad-Hoc|x64.ActiveCfg = Release|Any CPU
		{E563AEB3-4E72-4BC5-91D8-F611294ACB32}.Ad-Hoc|x64.Build.0 = Release|Any CPU
		{E563AEB3-4E72-4BC5-91D8-F611294ACB32}.Ad-Hoc|x64.Deploy.0 = Release|Any CPU
		{E563AEB3-4E72-4BC5-91D8-F611294ACB32}.Ad-Hoc|x86.ActiveCfg = Release|Any CPU
		{E563AEB3-4E72-4BC5-91D8-F611294ACB32}.Ad-Hoc|x86.Build.0 = Release|Any CPU
		{E563AEB3-4E72-4BC5-91D8-F611294ACB32}.Ad-Hoc|x86.Deploy.0 = Release|Any CPU
		{E563AEB3-4E72-4BC5-91D8-F611294ACB32}.AppStore|Any CPU.ActiveCfg = Release|Any CPU
		{E563AEB3-4E72-4BC5-91D8-F611294ACB32}.AppStore|Any CPU.Build.0 = Release|Any CPU
		{E563AEB3-4E72-4BC5-91D8-F611294ACB32}.AppStore|Any CPU.Deploy.0 = Release|Any CPU
		{E563AEB3-4E72-4BC5-91D8-F611294ACB32}.AppStore|ARM.ActiveCfg = Release|Any CPU
		{E563AEB3-4E72-4BC5-91D8-F611294ACB32}.AppStore|ARM.Build.0 = Release|Any CPU
		{E563AEB3-4E72-4BC5-91D8-F611294ACB32}.AppStore|ARM.Deploy.0 = Release|Any CPU
		{E563AEB3-4E72-4BC5-91D8-F611294ACB32}.AppStore|iPhone.ActiveCfg = Release|Any CPU
		{E563AEB3-4E72-4BC5-91D8-F611294ACB32}.AppStore|iPhone.Build.0 = Release|Any CPU
		{E563AEB3-4E72-4BC5-91D8-F611294ACB32}.AppStore|iPhone.Deploy.0 = Release|Any CPU
		{E563AEB3-4E72-4BC5-91D8-F611294ACB32}.AppStore|iPhoneSimulator.ActiveCfg = Release|Any CPU
		{E563AEB3-4E72-4BC5-91D8-F611294ACB32}.AppStore|iPhoneSimulator.Build.0 = Release|Any CPU
		{E563AEB3-4E72-4BC5-91D8-F611294ACB32}.AppStore|iPhoneSimulator.Deploy.0 = Release|Any CPU
		{E563AEB3-4E72-4BC5-91D8-F611294ACB32}.AppStore|x64.ActiveCfg = Release|Any CPU
		{E563AEB3-4E72-4BC5-91D8-F611294ACB32}.AppStore|x64.Build.0 = Release|Any CPU
		{E563AEB3-4E72-4BC5-91D8-F611294ACB32}.AppStore|x64.Deploy.0 = Release|Any CPU
		{E563AEB3-4E72-4BC5-91D8-F611294ACB32}.AppStore|x86.ActiveCfg = Release|Any CPU
		{E563AEB3-4E72-4BC5-91D8-F611294ACB32}.AppStore|x86.Build.0 = Release|Any CPU
		{E563AEB3-4E72-4BC5-91D8-F611294ACB32}.AppStore|x86.Deploy.0 = Release|Any CPU
		{E563AEB3-4E72-4BC5-91D8-F611294ACB32}.Debug|Any CPU.ActiveCfg = Debug|Any CPU
		{E563AEB3-4E72-4BC5-91D8-F611294ACB32}.Debug|Any CPU.Build.0 = Debug|Any CPU
		{E563AEB3-4E72-4BC5-91D8-F611294ACB32}.Debug|Any CPU.Deploy.0 = Debug|Any CPU
		{E563AEB3-4E72-4BC5-91D8-F611294ACB32}.Debug|ARM.ActiveCfg = Debug|Any CPU
		{E563AEB3-4E72-4BC5-91D8-F611294ACB32}.Debug|ARM.Build.0 = Debug|Any CPU
		{E563AEB3-4E72-4BC5-91D8-F611294ACB32}.Debug|ARM.Deploy.0 = Debug|Any CPU
		{E563AEB3-4E72-4BC5-91D8-F611294ACB32}.Debug|iPhone.ActiveCfg = Debug|Any CPU
		{E563AEB3-4E72-4BC5-91D8-F611294ACB32}.Debug|iPhone.Build.0 = Debug|Any CPU
		{E563AEB3-4E72-4BC5-91D8-F611294ACB32}.Debug|iPhone.Deploy.0 = Debug|Any CPU
		{E563AEB3-4E72-4BC5-91D8-F611294ACB32}.Debug|iPhoneSimulator.ActiveCfg = Debug|Any CPU
		{E563AEB3-4E72-4BC5-91D8-F611294ACB32}.Debug|iPhoneSimulator.Build.0 = Debug|Any CPU
		{E563AEB3-4E72-4BC5-91D8-F611294ACB32}.Debug|iPhoneSimulator.Deploy.0 = Debug|Any CPU
		{E563AEB3-4E72-4BC5-91D8-F611294ACB32}.Debug|x64.ActiveCfg = Debug|Any CPU
		{E563AEB3-4E72-4BC5-91D8-F611294ACB32}.Debug|x64.Build.0 = Debug|Any CPU
		{E563AEB3-4E72-4BC5-91D8-F611294ACB32}.Debug|x64.Deploy.0 = Debug|Any CPU
		{E563AEB3-4E72-4BC5-91D8-F611294ACB32}.Debug|x86.ActiveCfg = Debug|Any CPU
		{E563AEB3-4E72-4BC5-91D8-F611294ACB32}.Debug|x86.Build.0 = Debug|Any CPU
		{E563AEB3-4E72-4BC5-91D8-F611294ACB32}.Debug|x86.Deploy.0 = Debug|Any CPU
		{E563AEB3-4E72-4BC5-91D8-F611294ACB32}.Release|Any CPU.ActiveCfg = Release|Any CPU
		{E563AEB3-4E72-4BC5-91D8-F611294ACB32}.Release|Any CPU.Build.0 = Release|Any CPU
		{E563AEB3-4E72-4BC5-91D8-F611294ACB32}.Release|Any CPU.Deploy.0 = Release|Any CPU
		{E563AEB3-4E72-4BC5-91D8-F611294ACB32}.Release|ARM.ActiveCfg = Release|Any CPU
		{E563AEB3-4E72-4BC5-91D8-F611294ACB32}.Release|ARM.Build.0 = Release|Any CPU
		{E563AEB3-4E72-4BC5-91D8-F611294ACB32}.Release|ARM.Deploy.0 = Release|Any CPU
		{E563AEB3-4E72-4BC5-91D8-F611294ACB32}.Release|iPhone.ActiveCfg = Release|Any CPU
		{E563AEB3-4E72-4BC5-91D8-F611294ACB32}.Release|iPhone.Build.0 = Release|Any CPU
		{E563AEB3-4E72-4BC5-91D8-F611294ACB32}.Release|iPhone.Deploy.0 = Release|Any CPU
		{E563AEB3-4E72-4BC5-91D8-F611294ACB32}.Release|iPhoneSimulator.ActiveCfg = Release|Any CPU
		{E563AEB3-4E72-4BC5-91D8-F611294ACB32}.Release|iPhoneSimulator.Build.0 = Release|Any CPU
		{E563AEB3-4E72-4BC5-91D8-F611294ACB32}.Release|iPhoneSimulator.Deploy.0 = Release|Any CPU
		{E563AEB3-4E72-4BC5-91D8-F611294ACB32}.Release|x64.ActiveCfg = Release|Any CPU
		{E563AEB3-4E72-4BC5-91D8-F611294ACB32}.Release|x64.Build.0 = Release|Any CPU
		{E563AEB3-4E72-4BC5-91D8-F611294ACB32}.Release|x64.Deploy.0 = Release|Any CPU
		{E563AEB3-4E72-4BC5-91D8-F611294ACB32}.Release|x86.ActiveCfg = Release|Any CPU
		{E563AEB3-4E72-4BC5-91D8-F611294ACB32}.Release|x86.Build.0 = Release|Any CPU
		{E563AEB3-4E72-4BC5-91D8-F611294ACB32}.Release|x86.Deploy.0 = Release|Any CPU
		{DA7BCDF2-DFF1-4D59-88FF-84A6933BF4B7}.Ad-Hoc|Any CPU.ActiveCfg = Ad-Hoc|iPhone
		{DA7BCDF2-DFF1-4D59-88FF-84A6933BF4B7}.Ad-Hoc|ARM.ActiveCfg = Ad-Hoc|iPhone
		{DA7BCDF2-DFF1-4D59-88FF-84A6933BF4B7}.Ad-Hoc|iPhone.ActiveCfg = Ad-Hoc|iPhone
		{DA7BCDF2-DFF1-4D59-88FF-84A6933BF4B7}.Ad-Hoc|iPhone.Build.0 = Ad-Hoc|iPhone
		{DA7BCDF2-DFF1-4D59-88FF-84A6933BF4B7}.Ad-Hoc|iPhoneSimulator.ActiveCfg = Ad-Hoc|iPhoneSimulator
		{DA7BCDF2-DFF1-4D59-88FF-84A6933BF4B7}.Ad-Hoc|iPhoneSimulator.Build.0 = Ad-Hoc|iPhoneSimulator
		{DA7BCDF2-DFF1-4D59-88FF-84A6933BF4B7}.Ad-Hoc|x64.ActiveCfg = Ad-Hoc|iPhone
		{DA7BCDF2-DFF1-4D59-88FF-84A6933BF4B7}.Ad-Hoc|x86.ActiveCfg = Ad-Hoc|iPhone
		{DA7BCDF2-DFF1-4D59-88FF-84A6933BF4B7}.AppStore|Any CPU.ActiveCfg = AppStore|iPhone
		{DA7BCDF2-DFF1-4D59-88FF-84A6933BF4B7}.AppStore|ARM.ActiveCfg = AppStore|iPhone
		{DA7BCDF2-DFF1-4D59-88FF-84A6933BF4B7}.AppStore|iPhone.ActiveCfg = AppStore|iPhone
		{DA7BCDF2-DFF1-4D59-88FF-84A6933BF4B7}.AppStore|iPhone.Build.0 = AppStore|iPhone
		{DA7BCDF2-DFF1-4D59-88FF-84A6933BF4B7}.AppStore|iPhoneSimulator.ActiveCfg = AppStore|iPhoneSimulator
		{DA7BCDF2-DFF1-4D59-88FF-84A6933BF4B7}.AppStore|iPhoneSimulator.Build.0 = AppStore|iPhoneSimulator
		{DA7BCDF2-DFF1-4D59-88FF-84A6933BF4B7}.AppStore|x64.ActiveCfg = AppStore|iPhone
		{DA7BCDF2-DFF1-4D59-88FF-84A6933BF4B7}.AppStore|x86.ActiveCfg = AppStore|iPhone
		{DA7BCDF2-DFF1-4D59-88FF-84A6933BF4B7}.Debug|Any CPU.ActiveCfg = Debug|iPhone
		{DA7BCDF2-DFF1-4D59-88FF-84A6933BF4B7}.Debug|ARM.ActiveCfg = Debug|iPhone
		{DA7BCDF2-DFF1-4D59-88FF-84A6933BF4B7}.Debug|iPhone.ActiveCfg = Debug|iPhone
		{DA7BCDF2-DFF1-4D59-88FF-84A6933BF4B7}.Debug|iPhone.Build.0 = Debug|iPhone
		{DA7BCDF2-DFF1-4D59-88FF-84A6933BF4B7}.Debug|iPhoneSimulator.ActiveCfg = Debug|iPhoneSimulator
		{DA7BCDF2-DFF1-4D59-88FF-84A6933BF4B7}.Debug|iPhoneSimulator.Build.0 = Debug|iPhoneSimulator
		{DA7BCDF2-DFF1-4D59-88FF-84A6933BF4B7}.Debug|x64.ActiveCfg = Debug|iPhone
		{DA7BCDF2-DFF1-4D59-88FF-84A6933BF4B7}.Debug|x86.ActiveCfg = Debug|iPhone
		{DA7BCDF2-DFF1-4D59-88FF-84A6933BF4B7}.Release|Any CPU.ActiveCfg = Release|iPhone
		{DA7BCDF2-DFF1-4D59-88FF-84A6933BF4B7}.Release|ARM.ActiveCfg = Release|iPhone
		{DA7BCDF2-DFF1-4D59-88FF-84A6933BF4B7}.Release|iPhone.ActiveCfg = Release|iPhone
		{DA7BCDF2-DFF1-4D59-88FF-84A6933BF4B7}.Release|iPhone.Build.0 = Release|iPhone
		{DA7BCDF2-DFF1-4D59-88FF-84A6933BF4B7}.Release|iPhoneSimulator.ActiveCfg = Release|iPhoneSimulator
		{DA7BCDF2-DFF1-4D59-88FF-84A6933BF4B7}.Release|iPhoneSimulator.Build.0 = Release|iPhoneSimulator
		{DA7BCDF2-DFF1-4D59-88FF-84A6933BF4B7}.Release|x64.ActiveCfg = Release|iPhone
		{DA7BCDF2-DFF1-4D59-88FF-84A6933BF4B7}.Release|x86.ActiveCfg = Release|iPhone
		{AAB95B65-1177-4151-BD66-EDA95EF9A496}.Ad-Hoc|Any CPU.ActiveCfg = Release|x86
		{AAB95B65-1177-4151-BD66-EDA95EF9A496}.Ad-Hoc|Any CPU.Build.0 = Release|x86
		{AAB95B65-1177-4151-BD66-EDA95EF9A496}.Ad-Hoc|Any CPU.Deploy.0 = Release|x86
		{AAB95B65-1177-4151-BD66-EDA95EF9A496}.Ad-Hoc|ARM.ActiveCfg = Release|ARM
		{AAB95B65-1177-4151-BD66-EDA95EF9A496}.Ad-Hoc|ARM.Build.0 = Release|ARM
		{AAB95B65-1177-4151-BD66-EDA95EF9A496}.Ad-Hoc|ARM.Deploy.0 = Release|ARM
		{AAB95B65-1177-4151-BD66-EDA95EF9A496}.Ad-Hoc|iPhone.ActiveCfg = Release|x86
		{AAB95B65-1177-4151-BD66-EDA95EF9A496}.Ad-Hoc|iPhone.Build.0 = Release|x86
		{AAB95B65-1177-4151-BD66-EDA95EF9A496}.Ad-Hoc|iPhone.Deploy.0 = Release|x86
		{AAB95B65-1177-4151-BD66-EDA95EF9A496}.Ad-Hoc|iPhoneSimulator.ActiveCfg = Release|x86
		{AAB95B65-1177-4151-BD66-EDA95EF9A496}.Ad-Hoc|iPhoneSimulator.Build.0 = Release|x86
		{AAB95B65-1177-4151-BD66-EDA95EF9A496}.Ad-Hoc|iPhoneSimulator.Deploy.0 = Release|x86
		{AAB95B65-1177-4151-BD66-EDA95EF9A496}.Ad-Hoc|x64.ActiveCfg = Release|x64
		{AAB95B65-1177-4151-BD66-EDA95EF9A496}.Ad-Hoc|x64.Build.0 = Release|x64
		{AAB95B65-1177-4151-BD66-EDA95EF9A496}.Ad-Hoc|x64.Deploy.0 = Release|x64
		{AAB95B65-1177-4151-BD66-EDA95EF9A496}.Ad-Hoc|x86.ActiveCfg = Release|x86
		{AAB95B65-1177-4151-BD66-EDA95EF9A496}.Ad-Hoc|x86.Build.0 = Release|x86
		{AAB95B65-1177-4151-BD66-EDA95EF9A496}.Ad-Hoc|x86.Deploy.0 = Release|x86
		{AAB95B65-1177-4151-BD66-EDA95EF9A496}.AppStore|Any CPU.ActiveCfg = Release|x86
		{AAB95B65-1177-4151-BD66-EDA95EF9A496}.AppStore|Any CPU.Build.0 = Release|x86
		{AAB95B65-1177-4151-BD66-EDA95EF9A496}.AppStore|Any CPU.Deploy.0 = Release|x86
		{AAB95B65-1177-4151-BD66-EDA95EF9A496}.AppStore|ARM.ActiveCfg = Release|ARM
		{AAB95B65-1177-4151-BD66-EDA95EF9A496}.AppStore|ARM.Build.0 = Release|ARM
		{AAB95B65-1177-4151-BD66-EDA95EF9A496}.AppStore|ARM.Deploy.0 = Release|ARM
		{AAB95B65-1177-4151-BD66-EDA95EF9A496}.AppStore|iPhone.ActiveCfg = Release|x86
		{AAB95B65-1177-4151-BD66-EDA95EF9A496}.AppStore|iPhone.Build.0 = Release|x86
		{AAB95B65-1177-4151-BD66-EDA95EF9A496}.AppStore|iPhone.Deploy.0 = Release|x86
		{AAB95B65-1177-4151-BD66-EDA95EF9A496}.AppStore|iPhoneSimulator.ActiveCfg = Release|x86
		{AAB95B65-1177-4151-BD66-EDA95EF9A496}.AppStore|iPhoneSimulator.Build.0 = Release|x86
		{AAB95B65-1177-4151-BD66-EDA95EF9A496}.AppStore|iPhoneSimulator.Deploy.0 = Release|x86
		{AAB95B65-1177-4151-BD66-EDA95EF9A496}.AppStore|x64.ActiveCfg = Release|x64
		{AAB95B65-1177-4151-BD66-EDA95EF9A496}.AppStore|x64.Build.0 = Release|x64
		{AAB95B65-1177-4151-BD66-EDA95EF9A496}.AppStore|x64.Deploy.0 = Release|x64
		{AAB95B65-1177-4151-BD66-EDA95EF9A496}.AppStore|x86.ActiveCfg = Release|x86
		{AAB95B65-1177-4151-BD66-EDA95EF9A496}.AppStore|x86.Build.0 = Release|x86
		{AAB95B65-1177-4151-BD66-EDA95EF9A496}.AppStore|x86.Deploy.0 = Release|x86
		{AAB95B65-1177-4151-BD66-EDA95EF9A496}.Debug|Any CPU.ActiveCfg = Debug|x86
		{AAB95B65-1177-4151-BD66-EDA95EF9A496}.Debug|Any CPU.Build.0 = Debug|x86
		{AAB95B65-1177-4151-BD66-EDA95EF9A496}.Debug|Any CPU.Deploy.0 = Debug|x86
		{AAB95B65-1177-4151-BD66-EDA95EF9A496}.Debug|ARM.ActiveCfg = Debug|ARM
		{AAB95B65-1177-4151-BD66-EDA95EF9A496}.Debug|ARM.Build.0 = Debug|ARM
		{AAB95B65-1177-4151-BD66-EDA95EF9A496}.Debug|ARM.Deploy.0 = Debug|ARM
		{AAB95B65-1177-4151-BD66-EDA95EF9A496}.Debug|iPhone.ActiveCfg = Debug|x86
		{AAB95B65-1177-4151-BD66-EDA95EF9A496}.Debug|iPhoneSimulator.ActiveCfg = Debug|x86
		{AAB95B65-1177-4151-BD66-EDA95EF9A496}.Debug|x64.ActiveCfg = Debug|x64
		{AAB95B65-1177-4151-BD66-EDA95EF9A496}.Debug|x64.Build.0 = Debug|x64
		{AAB95B65-1177-4151-BD66-EDA95EF9A496}.Debug|x64.Deploy.0 = Debug|x64
		{AAB95B65-1177-4151-BD66-EDA95EF9A496}.Debug|x86.ActiveCfg = Debug|x86
		{AAB95B65-1177-4151-BD66-EDA95EF9A496}.Debug|x86.Build.0 = Debug|x86
		{AAB95B65-1177-4151-BD66-EDA95EF9A496}.Debug|x86.Deploy.0 = Debug|x86
		{AAB95B65-1177-4151-BD66-EDA95EF9A496}.Release|Any CPU.ActiveCfg = Release|x86
		{AAB95B65-1177-4151-BD66-EDA95EF9A496}.Release|ARM.ActiveCfg = Release|ARM
		{AAB95B65-1177-4151-BD66-EDA95EF9A496}.Release|ARM.Build.0 = Release|ARM
		{AAB95B65-1177-4151-BD66-EDA95EF9A496}.Release|ARM.Deploy.0 = Release|ARM
		{AAB95B65-1177-4151-BD66-EDA95EF9A496}.Release|iPhone.ActiveCfg = Release|x86
		{AAB95B65-1177-4151-BD66-EDA95EF9A496}.Release|iPhoneSimulator.ActiveCfg = Release|x86
		{AAB95B65-1177-4151-BD66-EDA95EF9A496}.Release|x64.ActiveCfg = Release|x64
		{AAB95B65-1177-4151-BD66-EDA95EF9A496}.Release|x64.Build.0 = Release|x64
		{AAB95B65-1177-4151-BD66-EDA95EF9A496}.Release|x64.Deploy.0 = Release|x64
		{AAB95B65-1177-4151-BD66-EDA95EF9A496}.Release|x86.ActiveCfg = Release|x86
		{AAB95B65-1177-4151-BD66-EDA95EF9A496}.Release|x86.Build.0 = Release|x86
		{AAB95B65-1177-4151-BD66-EDA95EF9A496}.Release|x86.Deploy.0 = Release|x86
		{2E996586-69ED-4D9F-BD12-C424FED9BDB8}.Ad-Hoc|Any CPU.ActiveCfg = Release|Any CPU
		{2E996586-69ED-4D9F-BD12-C424FED9BDB8}.Ad-Hoc|Any CPU.Build.0 = Release|Any CPU
		{2E996586-69ED-4D9F-BD12-C424FED9BDB8}.Ad-Hoc|ARM.ActiveCfg = Release|Any CPU
		{2E996586-69ED-4D9F-BD12-C424FED9BDB8}.Ad-Hoc|ARM.Build.0 = Release|Any CPU
		{2E996586-69ED-4D9F-BD12-C424FED9BDB8}.Ad-Hoc|iPhone.ActiveCfg = Release|Any CPU
		{2E996586-69ED-4D9F-BD12-C424FED9BDB8}.Ad-Hoc|iPhone.Build.0 = Release|Any CPU
		{2E996586-69ED-4D9F-BD12-C424FED9BDB8}.Ad-Hoc|iPhoneSimulator.ActiveCfg = Release|Any CPU
		{2E996586-69ED-4D9F-BD12-C424FED9BDB8}.Ad-Hoc|iPhoneSimulator.Build.0 = Release|Any CPU
		{2E996586-69ED-4D9F-BD12-C424FED9BDB8}.Ad-Hoc|x64.ActiveCfg = Release|Any CPU
		{2E996586-69ED-4D9F-BD12-C424FED9BDB8}.Ad-Hoc|x64.Build.0 = Release|Any CPU
		{2E996586-69ED-4D9F-BD12-C424FED9BDB8}.Ad-Hoc|x86.ActiveCfg = Release|Any CPU
		{2E996586-69ED-4D9F-BD12-C424FED9BDB8}.Ad-Hoc|x86.Build.0 = Release|Any CPU
		{2E996586-69ED-4D9F-BD12-C424FED9BDB8}.AppStore|Any CPU.ActiveCfg = Release|Any CPU
		{2E996586-69ED-4D9F-BD12-C424FED9BDB8}.AppStore|Any CPU.Build.0 = Release|Any CPU
		{2E996586-69ED-4D9F-BD12-C424FED9BDB8}.AppStore|ARM.ActiveCfg = Release|Any CPU
		{2E996586-69ED-4D9F-BD12-C424FED9BDB8}.AppStore|ARM.Build.0 = Release|Any CPU
		{2E996586-69ED-4D9F-BD12-C424FED9BDB8}.AppStore|iPhone.ActiveCfg = Release|Any CPU
		{2E996586-69ED-4D9F-BD12-C424FED9BDB8}.AppStore|iPhone.Build.0 = Release|Any CPU
		{2E996586-69ED-4D9F-BD12-C424FED9BDB8}.AppStore|iPhoneSimulator.ActiveCfg = Release|Any CPU
		{2E996586-69ED-4D9F-BD12-C424FED9BDB8}.AppStore|iPhoneSimulator.Build.0 = Release|Any CPU
		{2E996586-69ED-4D9F-BD12-C424FED9BDB8}.AppStore|x64.ActiveCfg = Release|Any CPU
		{2E996586-69ED-4D9F-BD12-C424FED9BDB8}.AppStore|x64.Build.0 = Release|Any CPU
		{2E996586-69ED-4D9F-BD12-C424FED9BDB8}.AppStore|x86.ActiveCfg = Release|Any CPU
		{2E996586-69ED-4D9F-BD12-C424FED9BDB8}.AppStore|x86.Build.0 = Release|Any CPU
		{2E996586-69ED-4D9F-BD12-C424FED9BDB8}.Debug|Any CPU.ActiveCfg = Debug|Any CPU
		{2E996586-69ED-4D9F-BD12-C424FED9BDB8}.Debug|Any CPU.Build.0 = Debug|Any CPU
		{2E996586-69ED-4D9F-BD12-C424FED9BDB8}.Debug|ARM.ActiveCfg = Debug|Any CPU
		{2E996586-69ED-4D9F-BD12-C424FED9BDB8}.Debug|ARM.Build.0 = Debug|Any CPU
		{2E996586-69ED-4D9F-BD12-C424FED9BDB8}.Debug|iPhone.ActiveCfg = Debug|Any CPU
		{2E996586-69ED-4D9F-BD12-C424FED9BDB8}.Debug|iPhone.Build.0 = Debug|Any CPU
		{2E996586-69ED-4D9F-BD12-C424FED9BDB8}.Debug|iPhoneSimulator.ActiveCfg = Debug|Any CPU
		{2E996586-69ED-4D9F-BD12-C424FED9BDB8}.Debug|iPhoneSimulator.Build.0 = Debug|Any CPU
		{2E996586-69ED-4D9F-BD12-C424FED9BDB8}.Debug|x64.ActiveCfg = Debug|Any CPU
		{2E996586-69ED-4D9F-BD12-C424FED9BDB8}.Debug|x64.Build.0 = Debug|Any CPU
		{2E996586-69ED-4D9F-BD12-C424FED9BDB8}.Debug|x86.ActiveCfg = Debug|Any CPU
		{2E996586-69ED-4D9F-BD12-C424FED9BDB8}.Debug|x86.Build.0 = Debug|Any CPU
		{2E996586-69ED-4D9F-BD12-C424FED9BDB8}.Release|Any CPU.ActiveCfg = Release|Any CPU
		{2E996586-69ED-4D9F-BD12-C424FED9BDB8}.Release|Any CPU.Build.0 = Release|Any CPU
		{2E996586-69ED-4D9F-BD12-C424FED9BDB8}.Release|ARM.ActiveCfg = Release|Any CPU
		{2E996586-69ED-4D9F-BD12-C424FED9BDB8}.Release|ARM.Build.0 = Release|Any CPU
		{2E996586-69ED-4D9F-BD12-C424FED9BDB8}.Release|iPhone.ActiveCfg = Release|Any CPU
		{2E996586-69ED-4D9F-BD12-C424FED9BDB8}.Release|iPhone.Build.0 = Release|Any CPU
		{2E996586-69ED-4D9F-BD12-C424FED9BDB8}.Release|iPhoneSimulator.ActiveCfg = Release|Any CPU
		{2E996586-69ED-4D9F-BD12-C424FED9BDB8}.Release|iPhoneSimulator.Build.0 = Release|Any CPU
		{2E996586-69ED-4D9F-BD12-C424FED9BDB8}.Release|x64.ActiveCfg = Release|Any CPU
		{2E996586-69ED-4D9F-BD12-C424FED9BDB8}.Release|x64.Build.0 = Release|Any CPU
		{2E996586-69ED-4D9F-BD12-C424FED9BDB8}.Release|x86.ActiveCfg = Release|Any CPU
		{2E996586-69ED-4D9F-BD12-C424FED9BDB8}.Release|x86.Build.0 = Release|Any CPU
	EndGlobalSection
	GlobalSection(SolutionProperties) = preSolution
		HideSolutionNode = FALSE
	EndGlobalSection
EndGlobal
